
Microsoft Visual Studio Solution File, Format Version 12.00
# Visual Studio Version 17
VisualStudioVersion = 17.8.34525.116
MinimumVisualStudioVersion = 10.0.40219.1
Project("{FAE04EC0-301F-11D3-BF4B-00C04F79EFBC}") = "Ödevler", "Ödevler\Ödevler.csproj", "{C3BC2173-70B7-427C-8477-74FC17D55BDA}"
EndProject
Global
	GlobalSection(SolutionConfigurationPlatforms) = preSolution
		Debug|Any CPU = Debug|Any CPU
		Release|Any CPU = Release|Any CPU
	EndGlobalSection
	GlobalSection(ProjectConfigurationPlatforms) = postSolution
		{C3BC2173-70B7-427C-8477-74FC17D55BDA}.Debug|Any CPU.ActiveCfg = Debug|Any CPU
		{C3BC2173-70B7-427C-8477-74FC17D55BDA}.Debug|Any CPU.Build.0 = Debug|Any CPU
		{C3BC2173-70B7-427C-8477-74FC17D55BDA}.Release|Any CPU.ActiveCfg = Release|Any CPU
		{C3BC2173-70B7-427C-8477-74FC17D55BDA}.Release|Any CPU.Build.0 = Release|Any CPU
	EndGlobalSection
	GlobalSection(SolutionProperties) = preSolution
		HideSolutionNode = FALSE
	EndGlobalSection
	GlobalSection(ExtensibilityGlobals) = postSolution
		SolutionGuid = {DEBD8EE1-D374-42C2-BF48-06F43E3B2237}
	EndGlobalSection
EndGlobal
